// !$*UTF8*$!
{
	archiveVersion = 1;
	classes = {
	};
	objectVersion = 50;
	objects = {

/* Begin PBXBuildFile section */
		17F6F63223658F0E0089D0EF /* MovieBoxAPI.framework in Frameworks */ = {isa = PBXBuildFile; fileRef = 17F6F62823658F0E0089D0EF /* MovieBoxAPI.framework */; };
		17F6F6622365AC020089D0EF /* Movie.swift in Sources */ = {isa = PBXBuildFile; fileRef = 17F6F6612365AC020089D0EF /* Movie.swift */; };
		17F6F6672365AC6D0089D0EF /* Decoders.swift in Sources */ = {isa = PBXBuildFile; fileRef = 17F6F6662365AC6D0089D0EF /* Decoders.swift */; };
		17F6F6692365AD420089D0EF /* Result.swift in Sources */ = {isa = PBXBuildFile; fileRef = 17F6F6682365AD420089D0EF /* Result.swift */; };
		17F6F66E2365AE3C0089D0EF /* TopMoviesResponse.swift in Sources */ = {isa = PBXBuildFile; fileRef = 17F6F66D2365AE3C0089D0EF /* TopMoviesResponse.swift */; };
		17F6F6722365B15E0089D0EF /* movie.json in Resources */ = {isa = PBXBuildFile; fileRef = 17F6F6712365B15E0089D0EF /* movie.json */; };
		17F6F69C2366150E0089D0EF /* APIEngine.swift in Sources */ = {isa = PBXBuildFile; fileRef = 17F6F69B2366150E0089D0EF /* APIEngine.swift */; };
		17F6F69E2366151C0089D0EF /* APIEngineProtocol.swift in Sources */ = {isa = PBXBuildFile; fileRef = 17F6F69D2366151C0089D0EF /* APIEngineProtocol.swift */; };
		17F6F6A1236617090089D0EF /* AppConstants.swift in Sources */ = {isa = PBXBuildFile; fileRef = 17F6F6A0236617090089D0EF /* AppConstants.swift */; };
		17F6F6A3236618770089D0EF /* APIEndPoints.swift in Sources */ = {isa = PBXBuildFile; fileRef = 17F6F6A2236618770089D0EF /* APIEndPoints.swift */; };
		17F6F6A823661A3E0089D0EF /* TopMoviesService.swift in Sources */ = {isa = PBXBuildFile; fileRef = 17F6F6A723661A3E0089D0EF /* TopMoviesService.swift */; };
		17F6F6AA23661B9B0089D0EF /* APIError.swift in Sources */ = {isa = PBXBuildFile; fileRef = 17F6F6A923661B9B0089D0EF /* APIError.swift */; };
		17F6F6AE236620260089D0EF /* APIEngineTests.swift in Sources */ = {isa = PBXBuildFile; fileRef = 17F6F6AD236620260089D0EF /* APIEngineTests.swift */; };
		17F6F6B0236620510089D0EF /* APIClientTests.swift in Sources */ = {isa = PBXBuildFile; fileRef = 17F6F6AF236620510089D0EF /* APIClientTests.swift */; };
/* End PBXBuildFile section */

/* Begin PBXContainerItemProxy section */
		17F6F63323658F0E0089D0EF /* PBXContainerItemProxy */ = {
			isa = PBXContainerItemProxy;
			containerPortal = 17F6F61F23658F0E0089D0EF /* Project object */;
			proxyType = 1;
			remoteGlobalIDString = 17F6F62723658F0E0089D0EF;
			remoteInfo = MovieBoxAPI;
		};
/* End PBXContainerItemProxy section */

/* Begin PBXFileReference section */
		17F6F62823658F0E0089D0EF /* MovieBoxAPI.framework */ = {isa = PBXFileReference; explicitFileType = wrapper.framework; includeInIndex = 0; path = MovieBoxAPI.framework; sourceTree = BUILT_PRODUCTS_DIR; };
		17F6F62C23658F0E0089D0EF /* Info.plist */ = {isa = PBXFileReference; lastKnownFileType = text.plist.xml; path = Info.plist; sourceTree = "<group>"; };
		17F6F63123658F0E0089D0EF /* MovieBoxAPITests.xctest */ = {isa = PBXFileReference; explicitFileType = wrapper.cfbundle; includeInIndex = 0; path = MovieBoxAPITests.xctest; sourceTree = BUILT_PRODUCTS_DIR; };
		17F6F63823658F0E0089D0EF /* Info.plist */ = {isa = PBXFileReference; lastKnownFileType = text.plist.xml; path = Info.plist; sourceTree = "<group>"; };
		17F6F6612365AC020089D0EF /* Movie.swift */ = {isa = PBXFileReference; lastKnownFileType = sourcecode.swift; path = Movie.swift; sourceTree = "<group>"; };
		17F6F6662365AC6D0089D0EF /* Decoders.swift */ = {isa = PBXFileReference; lastKnownFileType = sourcecode.swift; path = Decoders.swift; sourceTree = "<group>"; };
		17F6F6682365AD420089D0EF /* Result.swift */ = {isa = PBXFileReference; lastKnownFileType = sourcecode.swift; path = Result.swift; sourceTree = "<group>"; };
		17F6F66D2365AE3C0089D0EF /* TopMoviesResponse.swift */ = {isa = PBXFileReference; lastKnownFileType = sourcecode.swift; path = TopMoviesResponse.swift; sourceTree = "<group>"; };
		17F6F6712365B15E0089D0EF /* movie.json */ = {isa = PBXFileReference; lastKnownFileType = text.json; path = movie.json; sourceTree = "<group>"; };
		17F6F69B2366150E0089D0EF /* APIEngine.swift */ = {isa = PBXFileReference; lastKnownFileType = sourcecode.swift; path = APIEngine.swift; sourceTree = "<group>"; };
		17F6F69D2366151C0089D0EF /* APIEngineProtocol.swift */ = {isa = PBXFileReference; lastKnownFileType = sourcecode.swift; path = APIEngineProtocol.swift; sourceTree = "<group>"; };
		17F6F6A0236617090089D0EF /* AppConstants.swift */ = {isa = PBXFileReference; lastKnownFileType = sourcecode.swift; path = AppConstants.swift; sourceTree = "<group>"; };
		17F6F6A2236618770089D0EF /* APIEndPoints.swift */ = {isa = PBXFileReference; lastKnownFileType = sourcecode.swift; path = APIEndPoints.swift; sourceTree = "<group>"; };
		17F6F6A723661A3E0089D0EF /* TopMoviesService.swift */ = {isa = PBXFileReference; lastKnownFileType = sourcecode.swift; path = TopMoviesService.swift; sourceTree = "<group>"; };
		17F6F6A923661B9B0089D0EF /* APIError.swift */ = {isa = PBXFileReference; lastKnownFileType = sourcecode.swift; path = APIError.swift; sourceTree = "<group>"; };
		17F6F6AD236620260089D0EF /* APIEngineTests.swift */ = {isa = PBXFileReference; lastKnownFileType = sourcecode.swift; path = APIEngineTests.swift; sourceTree = "<group>"; };
		17F6F6AF236620510089D0EF /* APIClientTests.swift */ = {isa = PBXFileReference; lastKnownFileType = sourcecode.swift; path = APIClientTests.swift; sourceTree = "<group>"; };
/* End PBXFileReference section */

/* Begin PBXFrameworksBuildPhase section */
		17F6F62523658F0E0089D0EF /* Frameworks */ = {
			isa = PBXFrameworksBuildPhase;
			buildActionMask = 2147483647;
			files = (
			);
			runOnlyForDeploymentPostprocessing = 0;
		};
		17F6F62E23658F0E0089D0EF /* Frameworks */ = {
			isa = PBXFrameworksBuildPhase;
			buildActionMask = 2147483647;
			files = (
				17F6F63223658F0E0089D0EF /* MovieBoxAPI.framework in Frameworks */,
			);
			runOnlyForDeploymentPostprocessing = 0;
		};
/* End PBXFrameworksBuildPhase section */

/* Begin PBXGroup section */
		17F6F61E23658F0E0089D0EF = {
			isa = PBXGroup;
			children = (
				17F6F62A23658F0E0089D0EF /* MovieBoxAPI */,
				17F6F63523658F0E0089D0EF /* MovieBoxAPITests */,
				17F6F62923658F0E0089D0EF /* Products */,
			);
			sourceTree = "<group>";
		};
		17F6F62923658F0E0089D0EF /* Products */ = {
			isa = PBXGroup;
			children = (
				17F6F62823658F0E0089D0EF /* MovieBoxAPI.framework */,
				17F6F63123658F0E0089D0EF /* MovieBoxAPITests.xctest */,
			);
			name = Products;
			sourceTree = "<group>";
		};
		17F6F62A23658F0E0089D0EF /* MovieBoxAPI */ = {
			isa = PBXGroup;
			children = (
				17F6F6A42366199A0089D0EF /* Client */,
				17F6F69F236616730089D0EF /* Common */,
				17F6F66C2365AE1B0089D0EF /* Responses */,
				17F6F6652365AC5C0089D0EF /* Helpers */,
				17F6F6602365ABD70089D0EF /* DataModels */,
				17F6F69A236614830089D0EF /* APIEngine */,
				17F6F62C23658F0E0089D0EF /* Info.plist */,
			);
			path = MovieBoxAPI;
			sourceTree = "<group>";
		};
		17F6F63523658F0E0089D0EF /* MovieBoxAPITests */ = {
			isa = PBXGroup;
			children = (
				17F6F6702365B1420089D0EF /* Resources */,
				17F6F6AB23661FDC0089D0EF /* Engine */,
				17F6F6AC23661FF60089D0EF /* Client */,
				17F6F63823658F0E0089D0EF /* Info.plist */,
			);
			path = MovieBoxAPITests;
			sourceTree = "<group>";
		};
		17F6F6602365ABD70089D0EF /* DataModels */ = {
			isa = PBXGroup;
			children = (
				17F6F6612365AC020089D0EF /* Movie.swift */,
			);
			path = DataModels;
			sourceTree = "<group>";
		};
		17F6F6652365AC5C0089D0EF /* Helpers */ = {
			isa = PBXGroup;
			children = (
				17F6F6662365AC6D0089D0EF /* Decoders.swift */,
				17F6F6682365AD420089D0EF /* Result.swift */,
			);
			path = Helpers;
			sourceTree = "<group>";
		};
		17F6F66C2365AE1B0089D0EF /* Responses */ = {
			isa = PBXGroup;
			children = (
				17F6F66D2365AE3C0089D0EF /* TopMoviesResponse.swift */,
			);
			path = Responses;
			sourceTree = "<group>";
		};
		17F6F6702365B1420089D0EF /* Resources */ = {
			isa = PBXGroup;
			children = (
				17F6F6712365B15E0089D0EF /* movie.json */,
			);
			path = Resources;
			sourceTree = "<group>";
		};
		17F6F69A236614830089D0EF /* APIEngine */ = {
			isa = PBXGroup;
			children = (
				17F6F69B2366150E0089D0EF /* APIEngine.swift */,
				17F6F69D2366151C0089D0EF /* APIEngineProtocol.swift */,
				17F6F6A923661B9B0089D0EF /* APIError.swift */,
			);
			path = APIEngine;
			sourceTree = "<group>";
		};
		17F6F69F236616730089D0EF /* Common */ = {
			isa = PBXGroup;
			children = (
				17F6F6A0236617090089D0EF /* AppConstants.swift */,
				17F6F6A2236618770089D0EF /* APIEndPoints.swift */,
			);
			path = Common;
			sourceTree = "<group>";
		};
		17F6F6A42366199A0089D0EF /* Client */ = {
			isa = PBXGroup;
			children = (
				17F6F6A723661A3E0089D0EF /* TopMoviesService.swift */,
			);
			path = Client;
			sourceTree = "<group>";
		};
		17F6F6AB23661FDC0089D0EF /* Engine */ = {
			isa = PBXGroup;
			children = (
				17F6F6AD236620260089D0EF /* APIEngineTests.swift */,
			);
			path = Engine;
			sourceTree = "<group>";
		};
		17F6F6AC23661FF60089D0EF /* Client */ = {
			isa = PBXGroup;
			children = (
				17F6F6AF236620510089D0EF /* APIClientTests.swift */,
			);
			path = Client;
			sourceTree = "<group>";
		};
/* End PBXGroup section */

/* Begin PBXHeadersBuildPhase section */
		17F6F62323658F0E0089D0EF /* Headers */ = {
			isa = PBXHeadersBuildPhase;
			buildActionMask = 2147483647;
			files = (
			);
			runOnlyForDeploymentPostprocessing = 0;
		};
/* End PBXHeadersBuildPhase section */

/* Begin PBXNativeTarget section */
		17F6F62723658F0E0089D0EF /* MovieBoxAPI */ = {
			isa = PBXNativeTarget;
			buildConfigurationList = 17F6F63C23658F0E0089D0EF /* Build configuration list for PBXNativeTarget "MovieBoxAPI" */;
			buildPhases = (
				17F6F62323658F0E0089D0EF /* Headers */,
				17F6F62423658F0E0089D0EF /* Sources */,
				17F6F62523658F0E0089D0EF /* Frameworks */,
				17F6F62623658F0E0089D0EF /* Resources */,
			);
			buildRules = (
			);
			dependencies = (
			);
			name = MovieBoxAPI;
			productName = MovieBoxAPI;
			productReference = 17F6F62823658F0E0089D0EF /* MovieBoxAPI.framework */;
			productType = "com.apple.product-type.framework";
		};
		17F6F63023658F0E0089D0EF /* MovieBoxAPITests */ = {
			isa = PBXNativeTarget;
			buildConfigurationList = 17F6F63F23658F0E0089D0EF /* Build configuration list for PBXNativeTarget "MovieBoxAPITests" */;
			buildPhases = (
				17F6F62D23658F0E0089D0EF /* Sources */,
				17F6F62E23658F0E0089D0EF /* Frameworks */,
				17F6F62F23658F0E0089D0EF /* Resources */,
			);
			buildRules = (
			);
			dependencies = (
				17F6F63423658F0E0089D0EF /* PBXTargetDependency */,
			);
			name = MovieBoxAPITests;
			productName = MovieBoxAPITests;
			productReference = 17F6F63123658F0E0089D0EF /* MovieBoxAPITests.xctest */;
			productType = "com.apple.product-type.bundle.unit-test";
		};
/* End PBXNativeTarget section */

/* Begin PBXProject section */
		17F6F61F23658F0E0089D0EF /* Project object */ = {
			isa = PBXProject;
			attributes = {
				LastSwiftUpdateCheck = 1110;
				LastUpgradeCheck = 1110;
				ORGANIZATIONNAME = omerfarukozturk;
				TargetAttributes = {
					17F6F62723658F0E0089D0EF = {
						CreatedOnToolsVersion = 11.1;
						LastSwiftMigration = 1110;
					};
					17F6F63023658F0E0089D0EF = {
						CreatedOnToolsVersion = 11.1;
					};
				};
			};
			buildConfigurationList = 17F6F62223658F0E0089D0EF /* Build configuration list for PBXProject "MovieBoxAPI" */;
			compatibilityVersion = "Xcode 9.3";
			developmentRegion = en;
			hasScannedForEncodings = 0;
			knownRegions = (
				en,
				Base,
			);
			mainGroup = 17F6F61E23658F0E0089D0EF;
			productRefGroup = 17F6F62923658F0E0089D0EF /* Products */;
			projectDirPath = "";
			projectRoot = "";
			targets = (
				17F6F62723658F0E0089D0EF /* MovieBoxAPI */,
				17F6F63023658F0E0089D0EF /* MovieBoxAPITests */,
			);
		};
/* End PBXProject section */

/* Begin PBXResourcesBuildPhase section */
		17F6F62623658F0E0089D0EF /* Resources */ = {
			isa = PBXResourcesBuildPhase;
			buildActionMask = 2147483647;
			files = (
			);
			runOnlyForDeploymentPostprocessing = 0;
		};
		17F6F62F23658F0E0089D0EF /* Resources */ = {
			isa = PBXResourcesBuildPhase;
			buildActionMask = 2147483647;
			files = (
				17F6F6722365B15E0089D0EF /* movie.json in Resources */,
			);
			runOnlyForDeploymentPostprocessing = 0;
		};
/* End PBXResourcesBuildPhase section */

/* Begin PBXSourcesBuildPhase section */
		17F6F62423658F0E0089D0EF /* Sources */ = {
			isa = PBXSourcesBuildPhase;
			buildActionMask = 2147483647;
			files = (
				17F6F6692365AD420089D0EF /* Result.swift in Sources */,
				17F6F69E2366151C0089D0EF /* APIEngineProtocol.swift in Sources */,
				17F6F6672365AC6D0089D0EF /* Decoders.swift in Sources */,
				17F6F66E2365AE3C0089D0EF /* TopMoviesResponse.swift in Sources */,
				17F6F6A1236617090089D0EF /* AppConstants.swift in Sources */,
				17F6F6A3236618770089D0EF /* APIEndPoints.swift in Sources */,
				17F6F6A823661A3E0089D0EF /* TopMoviesService.swift in Sources */,
				17F6F69C2366150E0089D0EF /* APIEngine.swift in Sources */,
				17F6F6AA23661B9B0089D0EF /* APIError.swift in Sources */,
				17F6F6622365AC020089D0EF /* Movie.swift in Sources */,
			);
			runOnlyForDeploymentPostprocessing = 0;
		};
		17F6F62D23658F0E0089D0EF /* Sources */ = {
			isa = PBXSourcesBuildPhase;
			buildActionMask = 2147483647;
			files = (
				17F6F6AE236620260089D0EF /* APIEngineTests.swift in Sources */,
				17F6F6B0236620510089D0EF /* APIClientTests.swift in Sources */,
			);
			runOnlyForDeploymentPostprocessing = 0;
		};
/* End PBXSourcesBuildPhase section */

/* Begin PBXTargetDependency section */
		17F6F63423658F0E0089D0EF /* PBXTargetDependency */ = {
			isa = PBXTargetDependency;
			target = 17F6F62723658F0E0089D0EF /* MovieBoxAPI */;
			targetProxy = 17F6F63323658F0E0089D0EF /* PBXContainerItemProxy */;
		};
/* End PBXTargetDependency section */

/* Begin XCBuildConfiguration section */
		17F6F63A23658F0E0089D0EF /* Debug */ = {
			isa = XCBuildConfiguration;
			buildSettings = {
				ALWAYS_SEARCH_USER_PATHS = NO;
				CLANG_ANALYZER_NONNULL = YES;
				CLANG_ANALYZER_NUMBER_OBJECT_CONVERSION = YES_AGGRESSIVE;
				CLANG_CXX_LANGUAGE_STANDARD = "gnu++14";
				CLANG_CXX_LIBRARY = "libc++";
				CLANG_ENABLE_MODULES = YES;
				CLANG_ENABLE_OBJC_ARC = YES;
				CLANG_ENABLE_OBJC_WEAK = YES;
				CLANG_WARN_BLOCK_CAPTURE_AUTORELEASING = YES;
				CLANG_WARN_BOOL_CONVERSION = YES;
				CLANG_WARN_COMMA = YES;
				CLANG_WARN_CONSTANT_CONVERSION = YES;
				CLANG_WARN_DEPRECATED_OBJC_IMPLEMENTATIONS = YES;
				CLANG_WARN_DIRECT_OBJC_ISA_USAGE = YES_ERROR;
				CLANG_WARN_DOCUMENTATION_COMMENTS = YES;
				CLANG_WARN_EMPTY_BODY = YES;
				CLANG_WARN_ENUM_CONVERSION = YES;
				CLANG_WARN_INFINITE_RECURSION = YES;
				CLANG_WARN_INT_CONVERSION = YES;
				CLANG_WARN_NON_LITERAL_NULL_CONVERSION = YES;
				CLANG_WARN_OBJC_IMPLICIT_RETAIN_SELF = YES;
				CLANG_WARN_OBJC_LITERAL_CONVERSION = YES;
				CLANG_WARN_OBJC_ROOT_CLASS = YES_ERROR;
				CLANG_WARN_RANGE_LOOP_ANALYSIS = YES;
				CLANG_WARN_STRICT_PROTOTYPES = YES;
				CLANG_WARN_SUSPICIOUS_MOVE = YES;
				CLANG_WARN_UNGUARDED_AVAILABILITY = YES_AGGRESSIVE;
				CLANG_WARN_UNREACHABLE_CODE = YES;
				CLANG_WARN__DUPLICATE_METHOD_MATCH = YES;
				COPY_PHASE_STRIP = NO;
				CURRENT_PROJECT_VERSION = 1;
				DEBUG_INFORMATION_FORMAT = dwarf;
				ENABLE_STRICT_OBJC_MSGSEND = YES;
				ENABLE_TESTABILITY = YES;
				GCC_C_LANGUAGE_STANDARD = gnu11;
				GCC_DYNAMIC_NO_PIC = NO;
				GCC_NO_COMMON_BLOCKS = YES;
				GCC_OPTIMIZATION_LEVEL = 0;
				GCC_PREPROCESSOR_DEFINITIONS = (
					"DEBUG=1",
					"$(inherited)",
				);
				GCC_WARN_64_TO_32_BIT_CONVERSION = YES;
				GCC_WARN_ABOUT_RETURN_TYPE = YES_ERROR;
				GCC_WARN_UNDECLARED_SELECTOR = YES;
				GCC_WARN_UNINITIALIZED_AUTOS = YES_AGGRESSIVE;
				GCC_WARN_UNUSED_FUNCTION = YES;
				GCC_WARN_UNUSED_VARIABLE = YES;
				IPHONEOS_DEPLOYMENT_TARGET = 10.0;
				MTL_ENABLE_DEBUG_INFO = INCLUDE_SOURCE;
				MTL_FAST_MATH = YES;
				ONLY_ACTIVE_ARCH = YES;
				SDKROOT = iphoneos;
				SWIFT_ACTIVE_COMPILATION_CONDITIONS = DEBUG;
				SWIFT_OPTIMIZATION_LEVEL = "-Onone";
				VERSIONING_SYSTEM = "apple-generic";
				VERSION_INFO_PREFIX = "";
			};
			name = Debug;
		};
		17F6F63B23658F0E0089D0EF /* Release */ = {
			isa = XCBuildConfiguration;
			buildSettings = {
				ALWAYS_SEARCH_USER_PATHS = NO;
				CLANG_ANALYZER_NONNULL = YES;
				CLANG_ANALYZER_NUMBER_OBJECT_CONVERSION = YES_AGGRESSIVE;
				CLANG_CXX_LANGUAGE_STANDARD = "gnu++14";
				CLANG_CXX_LIBRARY = "libc++";
				CLANG_ENABLE_MODULES = YES;
				CLANG_ENABLE_OBJC_ARC = YES;
				CLANG_ENABLE_OBJC_WEAK = YES;
				CLANG_WARN_BLOCK_CAPTURE_AUTORELEASING = YES;
				CLANG_WARN_BOOL_CONVERSION = YES;
				CLANG_WARN_COMMA = YES;
				CLANG_WARN_CONSTANT_CONVERSION = YES;
				CLANG_WARN_DEPRECATED_OBJC_IMPLEMENTATIONS = YES;
				CLANG_WARN_DIRECT_OBJC_ISA_USAGE = YES_ERROR;
				CLANG_WARN_DOCUMENTATION_COMMENTS = YES;
				CLANG_WARN_EMPTY_BODY = YES;
				CLANG_WARN_ENUM_CONVERSION = YES;
				CLANG_WARN_INFINITE_RECURSION = YES;
				CLANG_WARN_INT_CONVERSION = YES;
				CLANG_WARN_NON_LITERAL_NULL_CONVERSION = YES;
				CLANG_WARN_OBJC_IMPLICIT_RETAIN_SELF = YES;
				CLANG_WARN_OBJC_LITERAL_CONVERSION = YES;
				CLANG_WARN_OBJC_ROOT_CLASS = YES_ERROR;
				CLANG_WARN_RANGE_LOOP_ANALYSIS = YES;
				CLANG_WARN_STRICT_PROTOTYPES = YES;
				CLANG_WARN_SUSPICIOUS_MOVE = YES;
				CLANG_WARN_UNGUARDED_AVAILABILITY = YES_AGGRESSIVE;
				CLANG_WARN_UNREACHABLE_CODE = YES;
				CLANG_WARN__DUPLICATE_METHOD_MATCH = YES;
				COPY_PHASE_STRIP = NO;
				CURRENT_PROJECT_VERSION = 1;
				DEBUG_INFORMATION_FORMAT = "dwarf-with-dsym";
				ENABLE_NS_ASSERTIONS = NO;
				ENABLE_STRICT_OBJC_MSGSEND = YES;
				GCC_C_LANGUAGE_STANDARD = gnu11;
				GCC_NO_COMMON_BLOCKS = YES;
				GCC_WARN_64_TO_32_BIT_CONVERSION = YES;
				GCC_WARN_ABOUT_RETURN_TYPE = YES_ERROR;
				GCC_WARN_UNDECLARED_SELECTOR = YES;
				GCC_WARN_UNINITIALIZED_AUTOS = YES_AGGRESSIVE;
				GCC_WARN_UNUSED_FUNCTION = YES;
				GCC_WARN_UNUSED_VARIABLE = YES;
				IPHONEOS_DEPLOYMENT_TARGET = 10.0;
				MTL_ENABLE_DEBUG_INFO = NO;
				MTL_FAST_MATH = YES;
				SDKROOT = iphoneos;
				SWIFT_COMPILATION_MODE = wholemodule;
				SWIFT_OPTIMIZATION_LEVEL = "-O";
				VALIDATE_PRODUCT = YES;
				VERSIONING_SYSTEM = "apple-generic";
				VERSION_INFO_PREFIX = "";
			};
			name = Release;
		};
		17F6F63D23658F0E0089D0EF /* Debug */ = {
			isa = XCBuildConfiguration;
			buildSettings = {
				CLANG_ENABLE_MODULES = YES;
				CODE_SIGN_STYLE = Automatic;
				DEFINES_MODULE = YES;
				DEVELOPMENT_TEAM = 9PU6D47W39;
				DYLIB_COMPATIBILITY_VERSION = 1;
				DYLIB_CURRENT_VERSION = 1;
				DYLIB_INSTALL_NAME_BASE = "@rpath";
				INFOPLIST_FILE = MovieBoxAPI/Info.plist;
				INSTALL_PATH = "$(LOCAL_LIBRARY_DIR)/Frameworks";
				LD_RUNPATH_SEARCH_PATHS = (
					"$(inherited)",
					"@executable_path/Frameworks",
					"@loader_path/Frameworks",
				);
				PRODUCT_BUNDLE_IDENTIFIER = com.moviebox.ios.MovieBoxAPI;
				PRODUCT_NAME = "$(TARGET_NAME:c99extidentifier)";
				SKIP_INSTALL = YES;
				SUPPORTS_MACCATALYST = NO;
				SWIFT_OPTIMIZATION_LEVEL = "-Onone";
				SWIFT_VERSION = 5.0;
				TARGETED_DEVICE_FAMILY = "1,2";
			};
			name = Debug;
		};
		17F6F63E23658F0E0089D0EF /* Release */ = {
			isa = XCBuildConfiguration;
			buildSettings = {
				CLANG_ENABLE_MODULES = YES;
				CODE_SIGN_STYLE = Automatic;
				DEFINES_MODULE = YES;
				DEVELOPMENT_TEAM = 9PU6D47W39;
				DYLIB_COMPATIBILITY_VERSION = 1;
				DYLIB_CURRENT_VERSION = 1;
				DYLIB_INSTALL_NAME_BASE = "@rpath";
				INFOPLIST_FILE = MovieBoxAPI/Info.plist;
				INSTALL_PATH = "$(LOCAL_LIBRARY_DIR)/Frameworks";
				LD_RUNPATH_SEARCH_PATHS = (
					"$(inherited)",
					"@executable_path/Frameworks",
					"@loader_path/Frameworks",
				);
				PRODUCT_BUNDLE_IDENTIFIER = com.moviebox.ios.MovieBoxAPI;
				PRODUCT_NAME = "$(TARGET_NAME:c99extidentifier)";
				SKIP_INSTALL = YES;
				SUPPORTS_MACCATALYST = NO;
				SWIFT_VERSION = 5.0;
				TARGETED_DEVICE_FAMILY = "1,2";
			};
			name = Release;
		};
		17F6F64023658F0E0089D0EF /* Debug */ = {
			isa = XCBuildConfiguration;
			buildSettings = {
				ALWAYS_EMBED_SWIFT_STANDARD_LIBRARIES = YES;
				CODE_SIGN_STYLE = Automatic;
				DEVELOPMENT_TEAM = 9PU6D47W39;
				INFOPLIST_FILE = MovieBoxAPITests/Info.plist;
				LD_RUNPATH_SEARCH_PATHS = (
					"$(inherited)",
					"@executable_path/Frameworks",
					"@loader_path/Frameworks",
				);
				PRODUCT_BUNDLE_IDENTIFIER = com.moviebox.ios.MovieBoxAPITests;
				PRODUCT_NAME = "$(TARGET_NAME)";
				SWIFT_VERSION = 5.0;
				TARGETED_DEVICE_FAMILY = "1,2";
			};
			name = Debug;
		};
		17F6F64123658F0E0089D0EF /* Release */ = {
			isa = XCBuildConfiguration;
			buildSettings = {
				ALWAYS_EMBED_SWIFT_STANDARD_LIBRARIES = YES;
				CODE_SIGN_STYLE = Automatic;
				DEVELOPMENT_TEAM = 9PU6D47W39;
				INFOPLIST_FILE = MovieBoxAPITests/Info.plist;
				LD_RUNPATH_SEARCH_PATHS = (
					"$(inherited)",
					"@executable_path/Frameworks",
					"@loader_path/Frameworks",
				);
				PRODUCT_BUNDLE_IDENTIFIER = com.moviebox.ios.MovieBoxAPITests;
				PRODUCT_NAME = "$(TARGET_NAME)";
				SWIFT_VERSION = 5.0;
				TARGETED_DEVICE_FAMILY = "1,2";
			};
			name = Release;
		};
/* End XCBuildConfiguration section */

/* Begin XCConfigurationList section */
		17F6F62223658F0E0089D0EF /* Build configuration list for PBXProject "MovieBoxAPI" */ = {
			isa = XCConfigurationList;
			buildConfigurations = (
				17F6F63A23658F0E0089D0EF /* Debug */,
				17F6F63B23658F0E0089D0EF /* Release */,
			);
			defaultConfigurationIsVisible = 0;
			defaultConfigurationName = Release;
		};
		17F6F63C23658F0E0089D0EF /* Build configuration list for PBXNativeTarget "MovieBoxAPI" */ = {
			isa = XCConfigurationList;
			buildConfigurations = (
				17F6F63D23658F0E0089D0EF /* Debug */,
				17F6F63E23658F0E0089D0EF /* Release */,
			);
			defaultConfigurationIsVisible = 0;
			defaultConfigurationName = Release;
		};
		17F6F63F23658F0E0089D0EF /* Build configuration list for PBXNativeTarget "MovieBoxAPITests" */ = {
			isa = XCConfigurationList;
			buildConfigurations = (
				17F6F64023658F0E0089D0EF /* Debug */,
				17F6F64123658F0E0089D0EF /* Release */,
			);
			defaultConfigurationIsVisible = 0;
			defaultConfigurationName = Release;
		};
/* End XCConfigurationList section */
	};
	rootObject = 17F6F61F23658F0E0089D0EF /* Project object */;
}
